
Microsoft Visual Studio Solution File, Format Version 12.00
# Visual Studio Version 17
VisualStudioVersion = 17.5.002.0
MinimumVisualStudioVersion = 10.0.40219.1
Project("{9A19103F-16F7-4668-BE54-9A1E7A4F7556}") = "HosAuthenAPI", "HosAuthenAPI.csproj", "{A55AB83E-CCAF-44DB-9512-6995028E97A0}"
EndProject
Global
	GlobalSection(SolutionConfigurationPlatforms) = preSolution
		Debug|Any CPU = Debug|Any CPU
		Release|Any CPU = Release|Any CPU
	EndGlobalSection
	GlobalSection(ProjectConfigurationPlatforms) = postSolution
		{A55AB83E-CCAF-44DB-9512-6995028E97A0}.Debug|Any CPU.ActiveCfg = Debug|Any CPU
		{A55AB83E-CCAF-44DB-9512-6995028E97A0}.Debug|Any CPU.Build.0 = Debug|Any CPU
		{A55AB83E-CCAF-44DB-9512-6995028E97A0}.Release|Any CPU.ActiveCfg = Release|Any CPU
		{A55AB83E-CCAF-44DB-9512-6995028E97A0}.Release|Any CPU.Build.0 = Release|Any CPU
	EndGlobalSection
	GlobalSection(SolutionProperties) = preSolution
		HideSolutionNode = FALSE
	EndGlobalSection
	GlobalSection(ExtensibilityGlobals) = postSolution
		SolutionGuid = {3BD91D99-53F4-4CF8-8459-18856C57F2CB}
	EndGlobalSection
EndGlobal
